// !$*UTF8*$!
{
	archiveVersion = 1;
	classes = {
	};
	objectVersion = 46;
	objects = {

/* Begin PBXBuildFile section */
		107456F41C16CAFC00F90130 /* main.m in Sources */ = {isa = PBXBuildFile; fileRef = 107456F31C16CAFC00F90130 /* main.m */; };
		107456F71C16CAFC00F90130 /* AppDelegate.m in Sources */ = {isa = PBXBuildFile; fileRef = 107456F61C16CAFC00F90130 /* AppDelegate.m */; };
		107456FA1C16CAFC00F90130 /* MasterViewController.m in Sources */ = {isa = PBXBuildFile; fileRef = 107456F91C16CAFC00F90130 /* MasterViewController.m */; };
		107456FD1C16CAFC00F90130 /* DetailViewController.m in Sources */ = {isa = PBXBuildFile; fileRef = 107456FC1C16CAFC00F90130 /* DetailViewController.m */; };
		107457001C16CAFC00F90130 /* Main.storyboard in Resources */ = {isa = PBXBuildFile; fileRef = 107456FE1C16CAFC00F90130 /* Main.storyboard */; };
		107457021C16CAFC00F90130 /* Assets.xcassets in Resources */ = {isa = PBXBuildFile; fileRef = 107457011C16CAFC00F90130 /* Assets.xcassets */; };
		107457051C16CAFC00F90130 /* LaunchScreen.storyboard in Resources */ = {isa = PBXBuildFile; fileRef = 107457031C16CAFC00F90130 /* LaunchScreen.storyboard */; };
		107457101C16CAFC00F90130 /* CoreDataTests.m in Sources */ = {isa = PBXBuildFile; fileRef = 1074570F1C16CAFC00F90130 /* CoreDataTests.m */; };
		1074571B1C16CAFD00F90130 /* CoreDataUITests.m in Sources */ = {isa = PBXBuildFile; fileRef = 1074571A1C16CAFD00F90130 /* CoreDataUITests.m */; };
/* End PBXBuildFile section */

/* Begin PBXContainerItemProxy section */
		1074570C1C16CAFC00F90130 /* PBXContainerItemProxy */ = {
			isa = PBXContainerItemProxy;
			containerPortal = 107456E71C16CAFC00F90130 /* Project object */;
			proxyType = 1;
			remoteGlobalIDString = 107456EE1C16CAFC00F90130;
			remoteInfo = CoreData;
		};
		107457171C16CAFD00F90130 /* PBXContainerItemProxy */ = {
			isa = PBXContainerItemProxy;
			containerPortal = 107456E71C16CAFC00F90130 /* Project object */;
			proxyType = 1;
			remoteGlobalIDString = 107456EE1C16CAFC00F90130;
			remoteInfo = CoreData;
		};
/* End PBXContainerItemProxy section */

/* Begin PBXFileReference section */
		107456EF1C16CAFC00F90130 /* CoreData.app */ = {isa = PBXFileReference; explicitFileType = wrapper.application; includeInIndex = 0; path = CoreData.app; sourceTree = BUILT_PRODUCTS_DIR; };
		107456F31C16CAFC00F90130 /* main.m */ = {isa = PBXFileReference; lastKnownFileType = sourcecode.c.objc; path = main.m; sourceTree = "<group>"; };
		107456F51C16CAFC00F90130 /* AppDelegate.h */ = {isa = PBXFileReference; lastKnownFileType = sourcecode.c.h; path = AppDelegate.h; sourceTree = "<group>"; };
		107456F61C16CAFC00F90130 /* AppDelegate.m */ = {isa = PBXFileReference; lastKnownFileType = sourcecode.c.objc; path = AppDelegate.m; sourceTree = "<group>"; };
		107456F81C16CAFC00F90130 /* MasterViewController.h */ = {isa = PBXFileReference; lastKnownFileType = sourcecode.c.h; path = MasterViewController.h; sourceTree = "<group>"; };
		107456F91C16CAFC00F90130 /* MasterViewController.m */ = {isa = PBXFileReference; lastKnownFileType = sourcecode.c.objc; path = MasterViewController.m; sourceTree = "<group>"; };
		107456FB1C16CAFC00F90130 /* DetailViewController.h */ = {isa = PBXFileReference; lastKnownFileType = sourcecode.c.h; path = DetailViewController.h; sourceTree = "<group>"; };
		107456FC1C16CAFC00F90130 /* DetailViewController.m */ = {isa = PBXFileReference; lastKnownFileType = sourcecode.c.objc; path = DetailViewController.m; sourceTree = "<group>"; };
		107456FF1C16CAFC00F90130 /* Base */ = {isa = PBXFileReference; lastKnownFileType = file.storyboard; name = Base; path = Base.lproj/Main.storyboard; sourceTree = "<group>"; };
		107457011C16CAFC00F90130 /* Assets.xcassets */ = {isa = PBXFileReference; lastKnownFileType = folder.assetcatalog; path = Assets.xcassets; sourceTree = "<group>"; };
		107457041C16CAFC00F90130 /* Base */ = {isa = PBXFileReference; lastKnownFileType = file.storyboard; name = Base; path = Base.lproj/LaunchScreen.storyboard; sourceTree = "<group>"; };
		107457061C16CAFC00F90130 /* Info.plist */ = {isa = PBXFileReference; lastKnownFileType = text.plist.xml; path = Info.plist; sourceTree = "<group>"; };
		1074570B1C16CAFC00F90130 /* CoreDataTests.xctest */ = {isa = PBXFileReference; explicitFileType = wrapper.cfbundle; includeInIndex = 0; path = CoreDataTests.xctest; sourceTree = BUILT_PRODUCTS_DIR; };
		1074570F1C16CAFC00F90130 /* CoreDataTests.m */ = {isa = PBXFileReference; lastKnownFileType = sourcecode.c.objc; path = CoreDataTests.m; sourceTree = "<group>"; };
		107457111C16CAFC00F90130 /* Info.plist */ = {isa = PBXFileReference; lastKnownFileType = text.plist.xml; path = Info.plist; sourceTree = "<group>"; };
		107457161C16CAFD00F90130 /* CoreDataUITests.xctest */ = {isa = PBXFileReference; explicitFileType = wrapper.cfbundle; includeInIndex = 0; path = CoreDataUITests.xctest; sourceTree = BUILT_PRODUCTS_DIR; };
		1074571A1C16CAFD00F90130 /* CoreDataUITests.m */ = {isa = PBXFileReference; lastKnownFileType = sourcecode.c.objc; path = CoreDataUITests.m; sourceTree = "<group>"; };
		1074571C1C16CAFD00F90130 /* Info.plist */ = {isa = PBXFileReference; lastKnownFileType = text.plist.xml; path = Info.plist; sourceTree = "<group>"; };
/* End PBXFileReference section */

/* Begin PBXFrameworksBuildPhase section */
		107456EC1C16CAFC00F90130 /* Frameworks */ = {
			isa = PBXFrameworksBuildPhase;
			buildActionMask = 2147483647;
			files = (
			);
			runOnlyForDeploymentPostprocessing = 0;
		};
		107457081C16CAFC00F90130 /* Frameworks */ = {
			isa = PBXFrameworksBuildPhase;
			buildActionMask = 2147483647;
			files = (
			);
			runOnlyForDeploymentPostprocessing = 0;
		};
		107457131C16CAFD00F90130 /* Frameworks */ = {
			isa = PBXFrameworksBuildPhase;
			buildActionMask = 2147483647;
			files = (
			);
			runOnlyForDeploymentPostprocessing = 0;
		};
/* End PBXFrameworksBuildPhase section */

/* Begin PBXGroup section */
		107456E61C16CAFC00F90130 = {
			isa = PBXGroup;
			children = (
				107456F11C16CAFC00F90130 /* CoreData */,
				1074570E1C16CAFC00F90130 /* CoreDataTests */,
				107457191C16CAFD00F90130 /* CoreDataUITests */,
				107456F01C16CAFC00F90130 /* Products */,
			);
			sourceTree = "<group>";
		};
		107456F01C16CAFC00F90130 /* Products */ = {
			isa = PBXGroup;
			children = (
				107456EF1C16CAFC00F90130 /* CoreData.app */,
				1074570B1C16CAFC00F90130 /* CoreDataTests.xctest */,
				107457161C16CAFD00F90130 /* CoreDataUITests.xctest */,
			);
			name = Products;
			sourceTree = "<group>";
		};
		107456F11C16CAFC00F90130 /* CoreData */ = {
			isa = PBXGroup;
			children = (
				107456F51C16CAFC00F90130 /* AppDelegate.h */,
				107456F61C16CAFC00F90130 /* AppDelegate.m */,
				107456F81C16CAFC00F90130 /* MasterViewController.h */,
				107456F91C16CAFC00F90130 /* MasterViewController.m */,
				107456FB1C16CAFC00F90130 /* DetailViewController.h */,
				107456FC1C16CAFC00F90130 /* DetailViewController.m */,
				107456FE1C16CAFC00F90130 /* Main.storyboard */,
				107457011C16CAFC00F90130 /* Assets.xcassets */,
				107457031C16CAFC00F90130 /* LaunchScreen.storyboard */,
				107457061C16CAFC00F90130 /* Info.plist */,
				107456F21C16CAFC00F90130 /* Supporting Files */,
			);
			path = CoreData;
			sourceTree = "<group>";
		};
		107456F21C16CAFC00F90130 /* Supporting Files */ = {
			isa = PBXGroup;
			children = (
				107456F31C16CAFC00F90130 /* main.m */,
			);
			name = "Supporting Files";
			sourceTree = "<group>";
		};
		1074570E1C16CAFC00F90130 /* CoreDataTests */ = {
			isa = PBXGroup;
			children = (
				1074570F1C16CAFC00F90130 /* CoreDataTests.m */,
				107457111C16CAFC00F90130 /* Info.plist */,
			);
			path = CoreDataTests;
			sourceTree = "<group>";
		};
		107457191C16CAFD00F90130 /* CoreDataUITests */ = {
			isa = PBXGroup;
			children = (
				1074571A1C16CAFD00F90130 /* CoreDataUITests.m */,
				1074571C1C16CAFD00F90130 /* Info.plist */,
			);
			path = CoreDataUITests;
			sourceTree = "<group>";
		};
/* End PBXGroup section */

/* Begin PBXNativeTarget section */
		107456EE1C16CAFC00F90130 /* CoreData */ = {
			isa = PBXNativeTarget;
			buildConfigurationList = 1074571F1C16CAFD00F90130 /* Build configuration list for PBXNativeTarget "CoreData" */;
			buildPhases = (
				107456EB1C16CAFC00F90130 /* Sources */,
				107456EC1C16CAFC00F90130 /* Frameworks */,
				107456ED1C16CAFC00F90130 /* Resources */,
			);
			buildRules = (
			);
			dependencies = (
			);
			name = CoreData;
			productName = CoreData;
			productReference = 107456EF1C16CAFC00F90130 /* CoreData.app */;
			productType = "com.apple.product-type.application";
		};
		1074570A1C16CAFC00F90130 /* CoreDataTests */ = {
			isa = PBXNativeTarget;
			buildConfigurationList = 107457221C16CAFD00F90130 /* Build configuration list for PBXNativeTarget "CoreDataTests" */;
			buildPhases = (
				107457071C16CAFC00F90130 /* Sources */,
				107457081C16CAFC00F90130 /* Frameworks */,
				107457091C16CAFC00F90130 /* Resources */,
			);
			buildRules = (
			);
			dependencies = (
				1074570D1C16CAFC00F90130 /* PBXTargetDependency */,
			);
			name = CoreDataTests;
			productName = CoreDataTests;
			productReference = 1074570B1C16CAFC00F90130 /* CoreDataTests.xctest */;
			productType = "com.apple.product-type.bundle.unit-test";
		};
		107457151C16CAFD00F90130 /* CoreDataUITests */ = {
			isa = PBXNativeTarget;
			buildConfigurationList = 107457251C16CAFD00F90130 /* Build configuration list for PBXNativeTarget "CoreDataUITests" */;
			buildPhases = (
				107457121C16CAFD00F90130 /* Sources */,
				107457131C16CAFD00F90130 /* Frameworks */,
				107457141C16CAFD00F90130 /* Resources */,
			);
			buildRules = (
			);
			dependencies = (
				107457181C16CAFD00F90130 /* PBXTargetDependency */,
			);
			name = CoreDataUITests;
			productName = CoreDataUITests;
			productReference = 107457161C16CAFD00F90130 /* CoreDataUITests.xctest */;
			productType = "com.apple.product-type.bundle.ui-testing";
		};
/* End PBXNativeTarget section */

/* Begin PBXProject section */
		107456E71C16CAFC00F90130 /* Project object */ = {
			isa = PBXProject;
			attributes = {
				LastUpgradeCheck = 0710;
				ORGANIZATIONNAME = "Dai Nguyen";
				TargetAttributes = {
					107456EE1C16CAFC00F90130 = {
						CreatedOnToolsVersion = 7.1.1;
					};
					1074570A1C16CAFC00F90130 = {
						CreatedOnToolsVersion = 7.1.1;
						TestTargetID = 107456EE1C16CAFC00F90130;
					};
					107457151C16CAFD00F90130 = {
						CreatedOnToolsVersion = 7.1.1;
						TestTargetID = 107456EE1C16CAFC00F90130;
					};
				};
			};
			buildConfigurationList = 107456EA1C16CAFC00F90130 /* Build configuration list for PBXProject "CoreData" */;
			compatibilityVersion = "Xcode 3.2";
			developmentRegion = English;
			hasScannedForEncodings = 0;
			knownRegions = (
				en,
				Base,
			);
			mainGroup = 107456E61C16CAFC00F90130;
			productRefGroup = 107456F01C16CAFC00F90130 /* Products */;
			projectDirPath = "";
			projectRoot = "";
			targets = (
				107456EE1C16CAFC00F90130 /* CoreData */,
				1074570A1C16CAFC00F90130 /* CoreDataTests */,
				107457151C16CAFD00F90130 /* CoreDataUITests */,
			);
		};
/* End PBXProject section */

/* Begin PBXResourcesBuildPhase section */
		107456ED1C16CAFC00F90130 /* Resources */ = {
			isa = PBXResourcesBuildPhase;
			buildActionMask = 2147483647;
			files = (
				107457051C16CAFC00F90130 /* LaunchScreen.storyboard in Resources */,
				107457021C16CAFC00F90130 /* Assets.xcassets in Resources */,
				107457001C16CAFC00F90130 /* Main.storyboard in Resources */,
			);
			runOnlyForDeploymentPostprocessing = 0;
		};
		107457091C16CAFC00F90130 /* Resources */ = {
			isa = PBXResourcesBuildPhase;
			buildActionMask = 2147483647;
			files = (
			);
			runOnlyForDeploymentPostprocessing = 0;
		};
		107457141C16CAFD00F90130 /* Resources */ = {
			isa = PBXResourcesBuildPhase;
			buildActionMask = 2147483647;
			files = (
			);
			runOnlyForDeploymentPostprocessing = 0;
		};
/* End PBXResourcesBuildPhase section */

/* Begin PBXSourcesBuildPhase section */
		107456EB1C16CAFC00F90130 /* Sources */ = {
			isa = PBXSourcesBuildPhase;
			buildActionMask = 2147483647;
			files = (
				107456F71C16CAFC00F90130 /* AppDelegate.m in Sources */,
				107456FA1C16CAFC00F90130 /* MasterViewController.m in Sources */,
				107456F41C16CAFC00F90130 /* main.m in Sources */,
				107456FD1C16CAFC00F90130 /* DetailViewController.m in Sources */,
			);
			runOnlyForDeploymentPostprocessing = 0;
		};
		107457071C16CAFC00F90130 /* Sources */ = {
			isa = PBXSourcesBuildPhase;
			buildActionMask = 2147483647;
			files = (
				107457101C16CAFC00F90130 /* CoreDataTests.m in Sources */,
			);
			runOnlyForDeploymentPostprocessing = 0;
		};
		107457121C16CAFD00F90130 /* Sources */ = {
			isa = PBXSourcesBuildPhase;
			buildActionMask = 2147483647;
			files = (
				1074571B1C16CAFD00F90130 /* CoreDataUITests.m in Sources */,
			);
			runOnlyForDeploymentPostprocessing = 0;
		};
/* End PBXSourcesBuildPhase section */

/* Begin PBXTargetDependency section */
		1074570D1C16CAFC00F90130 /* PBXTargetDependency */ = {
			isa = PBXTargetDependency;
			target = 107456EE1C16CAFC00F90130 /* CoreData */;
			targetProxy = 1074570C1C16CAFC00F90130 /* PBXContainerItemProxy */;
		};
		107457181C16CAFD00F90130 /* PBXTargetDependency */ = {
			isa = PBXTargetDependency;
			target = 107456EE1C16CAFC00F90130 /* CoreData */;
			targetProxy = 107457171C16CAFD00F90130 /* PBXContainerItemProxy */;
		};
/* End PBXTargetDependency section */

/* Begin PBXVariantGroup section */
		107456FE1C16CAFC00F90130 /* Main.storyboard */ = {
			isa = PBXVariantGroup;
			children = (
				107456FF1C16CAFC00F90130 /* Base */,
			);
			name = Main.storyboard;
			sourceTree = "<group>";
		};
		107457031C16CAFC00F90130 /* LaunchScreen.storyboard */ = {
			isa = PBXVariantGroup;
			children = (
				107457041C16CAFC00F90130 /* Base */,
			);
			name = LaunchScreen.storyboard;
			sourceTree = "<group>";
		};
/* End PBXVariantGroup section */

/* Begin XCBuildConfiguration section */
		1074571D1C16CAFD00F90130 /* Debug */ = {
			isa = XCBuildConfiguration;
			buildSettings = {
				ALWAYS_SEARCH_USER_PATHS = NO;
				CLANG_CXX_LANGUAGE_STANDARD = "gnu++0x";
				CLANG_CXX_LIBRARY = "libc++";
				CLANG_ENABLE_MODULES = YES;
				CLANG_ENABLE_OBJC_ARC = YES;
				CLANG_WARN_BOOL_CONVERSION = YES;
				CLANG_WARN_CONSTANT_CONVERSION = YES;
				CLANG_WARN_DIRECT_OBJC_ISA_USAGE = YES_ERROR;
				CLANG_WARN_EMPTY_BODY = YES;
				CLANG_WARN_ENUM_CONVERSION = YES;
				CLANG_WARN_INT_CONVERSION = YES;
				CLANG_WARN_OBJC_ROOT_CLASS = YES_ERROR;
				CLANG_WARN_UNREACHABLE_CODE = YES;
				CLANG_WARN__DUPLICATE_METHOD_MATCH = YES;
				"CODE_SIGN_IDENTITY[sdk=iphoneos*]" = "iPhone Developer";
				COPY_PHASE_STRIP = NO;
				DEBUG_INFORMATION_FORMAT = dwarf;
				ENABLE_STRICT_OBJC_MSGSEND = YES;
				ENABLE_TESTABILITY = YES;
				GCC_C_LANGUAGE_STANDARD = gnu99;
				GCC_DYNAMIC_NO_PIC = NO;
				GCC_NO_COMMON_BLOCKS = YES;
				GCC_OPTIMIZATION_LEVEL = 0;
				GCC_PREPROCESSOR_DEFINITIONS = (
					"DEBUG=1",
					"$(inherited)",
				);
				GCC_WARN_64_TO_32_BIT_CONVERSION = YES;
				GCC_WARN_ABOUT_RETURN_TYPE = YES_ERROR;
				GCC_WARN_UNDECLARED_SELECTOR = YES;
				GCC_WARN_UNINITIALIZED_AUTOS = YES_AGGRESSIVE;
				GCC_WARN_UNUSED_FUNCTION = YES;
				GCC_WARN_UNUSED_VARIABLE = YES;
				IPHONEOS_DEPLOYMENT_TARGET = 9.1;
				MTL_ENABLE_DEBUG_INFO = YES;
				ONLY_ACTIVE_ARCH = YES;
				SDKROOT = iphoneos;
				TARGETED_DEVICE_FAMILY = "1,2";
			};
			name = Debug;
		};
		1074571E1C16CAFD00F90130 /* Release */ = {
			isa = XCBuildConfiguration;
			buildSettings = {
				ALWAYS_SEARCH_USER_PATHS = NO;
				CLANG_CXX_LANGUAGE_STANDARD = "gnu++0x";
				CLANG_CXX_LIBRARY = "libc++";
				CLANG_ENABLE_MODULES = YES;
				CLANG_ENABLE_OBJC_ARC = YES;
				CLANG_WARN_BOOL_CONVERSION = YES;
				CLANG_WARN_CONSTANT_CONVERSION = YES;
				CLANG_WARN_DIRECT_OBJC_ISA_USAGE = YES_ERROR;
				CLANG_WARN_EMPTY_BODY = YES;
				CLANG_WARN_ENUM_CONVERSION = YES;
				CLANG_WARN_INT_CONVERSION = YES;
				CLANG_WARN_OBJC_ROOT_CLASS = YES_ERROR;
				CLANG_WARN_UNREACHABLE_CODE = YES;
				CLANG_WARN__DUPLICATE_METHOD_MATCH = YES;
				"CODE_SIGN_IDENTITY[sdk=iphoneos*]" = "iPhone Developer";
				COPY_PHASE_STRIP = NO;
				DEBUG_INFORMATION_FORMAT = "dwarf-with-dsym";
				ENABLE_NS_ASSERTIONS = NO;
				ENABLE_STRICT_OBJC_MSGSEND = YES;
				GCC_C_LANGUAGE_STANDARD = gnu99;
				GCC_NO_COMMON_BLOCKS = YES;
				GCC_WARN_64_TO_32_BIT_CONVERSION = YES;
				GCC_WARN_ABOUT_RETURN_TYPE = YES_ERROR;
				GCC_WARN_UNDECLARED_SELECTOR = YES;
				GCC_WARN_UNINITIALIZED_AUTOS = YES_AGGRESSIVE;
				GCC_WARN_UNUSED_FUNCTION = YES;
				GCC_WARN_UNUSED_VARIABLE = YES;
				IPHONEOS_DEPLOYMENT_TARGET = 9.1;
				MTL_ENABLE_DEBUG_INFO = NO;
				SDKROOT = iphoneos;
				TARGETED_DEVICE_FAMILY = "1,2";
				VALIDATE_PRODUCT = YES;
			};
			name = Release;
		};
		107457201C16CAFD00F90130 /* Debug */ = {
			isa = XCBuildConfiguration;
			buildSettings = {
				ASSETCATALOG_COMPILER_APPICON_NAME = AppIcon;
				INFOPLIST_FILE = CoreData/Info.plist;
				LD_RUNPATH_SEARCH_PATHS = "$(inherited) @executable_path/Frameworks";
				PRODUCT_BUNDLE_IDENTIFIER = infonam.tutorial.CoreData;
				PRODUCT_NAME = "$(TARGET_NAME)";
			};
			name = Debug;
		};
		107457211C16CAFD00F90130 /* Release */ = {
			isa = XCBuildConfiguration;
			buildSettings = {
				ASSETCATALOG_COMPILER_APPICON_NAME = AppIcon;
				INFOPLIST_FILE = CoreData/Info.plist;
				LD_RUNPATH_SEARCH_PATHS = "$(inherited) @executable_path/Frameworks";
				PRODUCT_BUNDLE_IDENTIFIER = infonam.tutorial.CoreData;
				PRODUCT_NAME = "$(TARGET_NAME)";
			};
			name = Release;
		};
		107457231C16CAFD00F90130 /* Debug */ = {
			isa = XCBuildConfiguration;
			buildSettings = {
				BUNDLE_LOADER = "$(TEST_HOST)";
				INFOPLIST_FILE = CoreDataTests/Info.plist;
				LD_RUNPATH_SEARCH_PATHS = "$(inherited) @executable_path/Frameworks @loader_path/Frameworks";
				PRODUCT_BUNDLE_IDENTIFIER = infonam.tutorial.CoreDataTests;
				PRODUCT_NAME = "$(TARGET_NAME)";
				TEST_HOST = "$(BUILT_PRODUCTS_DIR)/CoreData.app/CoreData";
			};
			name = Debug;
		};
		107457241C16CAFD00F90130 /* Release */ = {
			isa = XCBuildConfiguration;
			buildSettings = {
				BUNDLE_LOADER = "$(TEST_HOST)";
				INFOPLIST_FILE = CoreDataTests/Info.plist;
				LD_RUNPATH_SEARCH_PATHS = "$(inherited) @executable_path/Frameworks @loader_path/Frameworks";
				PRODUCT_BUNDLE_IDENTIFIER = infonam.tutorial.CoreDataTests;
				PRODUCT_NAME = "$(TARGET_NAME)";
				TEST_HOST = "$(BUILT_PRODUCTS_DIR)/CoreData.app/CoreData";
			};
			name = Release;
		};
		107457261C16CAFD00F90130 /* Debug */ = {
			isa = XCBuildConfiguration;
			buildSettings = {
				INFOPLIST_FILE = CoreDataUITests/Info.plist;
				LD_RUNPATH_SEARCH_PATHS = "$(inherited) @executable_path/Frameworks @loader_path/Frameworks";
				PRODUCT_BUNDLE_IDENTIFIER = infonam.tutorial.CoreDataUITests;
				PRODUCT_NAME = "$(TARGET_NAME)";
				TEST_TARGET_NAME = CoreData;
				USES_XCTRUNNER = YES;
			};
			name = Debug;
		};
		107457271C16CAFD00F90130 /* Release */ = {
			isa = XCBuildConfiguration;
			buildSettings = {
				INFOPLIST_FILE = CoreDataUITests/Info.plist;
				LD_RUNPATH_SEARCH_PATHS = "$(inherited) @executable_path/Frameworks @loader_path/Frameworks";
				PRODUCT_BUNDLE_IDENTIFIER = infonam.tutorial.CoreDataUITests;
				PRODUCT_NAME = "$(TARGET_NAME)";
				TEST_TARGET_NAME = CoreData;
				USES_XCTRUNNER = YES;
			};
			name = Release;
		};
/* End XCBuildConfiguration section */

/* Begin XCConfigurationList section */
		107456EA1C16CAFC00F90130 /* Build configuration list for PBXProject "CoreData" */ = {
			isa = XCConfigurationList;
			buildConfigurations = (
				1074571D1C16CAFD00F90130 /* Debug */,
				1074571E1C16CAFD00F90130 /* Release */,
			);
			defaultConfigurationIsVisible = 0;
			defaultConfigurationName = Release;
		};
		1074571F1C16CAFD00F90130 /* Build configuration list for PBXNativeTarget "CoreData" */ = {
			isa = XCConfigurationList;
			buildConfigurations = (
				107457201C16CAFD00F90130 /* Debug */,
				107457211C16CAFD00F90130 /* Release */,
			);
			defaultConfigurationIsVisible = 0;
		};
		107457221C16CAFD00F90130 /* Build configuration list for PBXNativeTarget "CoreDataTests" */ = {
			isa = XCConfigurationList;
			buildConfigurations = (
				107457231C16CAFD00F90130 /* Debug */,
				107457241C16CAFD00F90130 /* Release */,
			);
			defaultConfigurationIsVisible = 0;
		};
		107457251C16CAFD00F90130 /* Build configuration list for PBXNativeTarget "CoreDataUITests" */ = {
			isa = XCConfigurationList;
			buildConfigurations = (
				107457261C16CAFD00F90130 /* Debug */,
				107457271C16CAFD00F90130 /* Release */,
			);
			defaultConfigurationIsVisible = 0;
		};
/* End XCConfigurationList section */
	};
	rootObject = 107456E71C16CAFC00F90130 /* Project object */;
}
